
Microsoft Visual Studio Solution File, Format Version 10.00
# Visual Studio 2008
Project("{FAE04EC0-301F-11D3-BF4B-00C04F79EFBC}") = "TileMapEd", "TileMapEd\TileMapEd.csproj", "{6C238DBB-BDE4-415E-846C-67FAB09853EF}"
EndProject
Global
	GlobalSection(SolutionConfigurationPlatforms) = preSolution
		Debug|Any CPU = Debug|Any CPU
		Release|Any CPU = Release|Any CPU
	EndGlobalSection
	GlobalSection(ProjectConfigurationPlatforms) = postSolution
		{6C238DBB-BDE4-415E-846C-67FAB09853EF}.Debug|Any CPU.ActiveCfg = Debug|Any CPU
		{6C238DBB-BDE4-415E-846C-67FAB09853EF}.Debug|Any CPU.Build.0 = Debug|Any CPU
		{6C238DBB-BDE4-415E-846C-67FAB09853EF}.Release|Any CPU.ActiveCfg = Release|Any CPU
		{6C238DBB-BDE4-415E-846C-67FAB09853EF}.Release|Any CPU.Build.0 = Release|Any CPU
	EndGlobalSection
	GlobalSection(SolutionProperties) = preSolution
		HideSolutionNode = FALSE
	EndGlobalSection
EndGlobal
